{
  "name": "liqd-server",
  "version": "1.0.3",
  "lockfileVersion": 1,
  "requires": true,
  "dependencies": {
    "liqd-options": {
      "version": "1.0.5",
      "resolved": "https://registry.npmjs.org/liqd-options/-/liqd-options-1.0.5.tgz",
      "integrity": "sha512-iyd0HvQZpm6nwVFllIVsIhxqUmyub93jfjntNmJuDHn+ukj8udFsXIJXT0WwlC66mdd8uHyShfjUOPlyeHjXOg=="
    },
    "liqd-websocket": {
      "version": "1.0.4",
      "resolved": "https://registry.npmjs.org/liqd-websocket/-/liqd-websocket-1.0.4.tgz",
      "integrity": "sha512-Enjc33L0xzD3CgSgDi0VWrwbKDqLHJ3EYaafBS2Mg07zpxrzuTe3arov26CMuvWNK5dj9S9Z2N4B68QpBdBVGA==",
      "requires": {
        "liqd-options": "^1.0.4"
      }
    }
  }
}
